PODS:
  - Firebase/Auth (7.3.0):
    - Firebase/CoreOnly
    - FirebaseAuth (~> 7.3.0)
  - Firebase/CoreOnly (7.3.0):
    - FirebaseCore (= 7.3.0)
  - Firebase/Database (7.3.0):
    - Firebase/CoreOnly
    - FirebaseDatabase (~> 7.3.0)
  - Firebase/Storage (7.3.0):
    - Firebase/CoreOnly
    - FirebaseStorage (~> 7.3.0)
  - firebase_auth (1.0.0):
    - Firebase/Auth (~> 7.3.0)
    - Firebase/CoreOnly (~> 7.3.0)
    - firebase_core
    - FlutterMacOS
  - firebase_core (1.0.0):
    - Firebase/CoreOnly (~> 7.3.0)
    - FlutterMacOS
  - firebase_database (6.1.0):
    - Firebase/CoreOnly (~> 7.3.0)
    - Firebase/Database (~> 7.3.0)
    - firebase_core
    - FlutterMacOS
  - firebase_storage (8.0.0):
    - Firebase/CoreOnly (~> 7.3.0)
    - Firebase/Storage (~> 7.3.0)
    - firebase_core
    - FlutterMacOS
  - FirebaseAuth (7.3.0):
    - FirebaseCore (~> 7.0)
    - GoogleUtilities/AppDelegateSwizzler (~> 7.0)
    - GoogleUtilities/Environment (~> 7.0)
    - GTMSessionFetcher/Core (~> 1.4)
  - FirebaseCore (7.3.0):
    - FirebaseCoreDiagnostics (~> 7.0)
    - GoogleUtilities/Environment (~> 7.0)
    - GoogleUtilities/Logger (~> 7.0)
  - FirebaseCoreDiagnostics (7.6.0):
    - GoogleDataTransport (~> 8.0)
    - GoogleUtilities/Environment (~> 7.0)
    - GoogleUtilities/Logger (~> 7.0)
    - nanopb (~> 2.30907.0)
  - FirebaseDatabase (7.3.0):
    - FirebaseCore (~> 7.0)
    - leveldb-library (~> 1.22)
  - FirebaseStorage (7.3.0):
    - FirebaseCore (~> 7.0)
    - GTMSessionFetcher/Core (~> 1.4)
  - FlutterMacOS (1.0.0)
  - GoogleDataTransport (8.2.0):
    - nanopb (~> 2.30907.0)
  - GoogleUtilities/AppDelegateSwizzler (7.2.2):
    - GoogleUtilities/Environment
    - GoogleUtilities/Logger
    - GoogleUtilities/Network
  - GoogleUtilities/Environment (7.2.2):
    - PromisesObjC (~> 1.2)
  - GoogleUtilities/Logger (7.2.2):
    - GoogleUtilities/Environment
  - GoogleUtilities/Network (7.2.2):
    - GoogleUtilities/Logger
    - "GoogleUtilities/NSData+zlib"
    - GoogleUtilities/Reachability
  - "GoogleUtilities/NSData+zlib (7.2.2)"
  - GoogleUtilities/Reachability (7.2.2):
    - GoogleUtilities/Logger
  - GTMSessionFetcher/Core (1.5.0)
  - leveldb-library (1.22)
  - nanopb (2.30907.0):
    - nanopb/decode (= 2.30907.0)
    - nanopb/encode (= 2.30907.0)
  - nanopb/decode (2.30907.0)
  - nanopb/encode (2.30907.0)
  - PromisesObjC (1.2.12)
  - shared_preferences_macos (0.0.1):
    - FlutterMacOS

DEPENDENCIES:
  - firebase_auth (from `Flutter/ephemeral/.symlinks/plugins/firebase_auth/macos`)
  - firebase_core (from `Flutter/ephemeral/.symlinks/plugins/firebase_core/macos`)
  - firebase_database (from `Flutter/ephemeral/.symlinks/plugins/firebase_database/macos`)
  - firebase_storage (from `Flutter/ephemeral/.symlinks/plugins/firebase_storage/macos`)
  - FlutterMacOS (from `Flutter/ephemeral`)
  - shared_preferences_macos (from `Flutter/ephemeral/.symlinks/plugins/shared_preferences_macos/macos`)

SPEC REPOS:
  trunk:
    - Firebase
    - FirebaseAuth
    - FirebaseCore
    - FirebaseCoreDiagnostics
    - FirebaseDatabase
    - FirebaseStorage
    - GoogleDataTransport
    - GoogleUtilities
    - GTMSessionFetcher
    - leveldb-library
    - nanopb
    - PromisesObjC

EXTERNAL SOURCES:
  firebase_auth:
    :path: Flutter/ephemeral/.symlinks/plugins/firebase_auth/macos
  firebase_core:
    :path: Flutter/ephemeral/.symlinks/plugins/firebase_core/macos
  firebase_database:
    :path: Flutter/ephemeral/.symlinks/plugins/firebase_database/macos
  firebase_storage:
    :path: Flutter/ephemeral/.symlinks/plugins/firebase_storage/macos
  FlutterMacOS:
    :path: Flutter/ephemeral
  shared_preferences_macos:
    :path: Flutter/ephemeral/.symlinks/plugins/shared_preferences_macos/macos

SPEC CHECKSUMS:
  Firebase: 26223c695fe322633274198cb19dca8cb7e54416
  firebase_auth: 21ba47889c6957756154bc84b787618e12552284
  firebase_core: 8671465e832a0cab53896a6e7bec15c47f8a48e6
  firebase_database: f8eee13a25c90b836153046a6c8527bae60e7d78
  firebase_storage: ce952ce03a322e6ca09c6d2b8632f559726960d2
  FirebaseAuth: c224a0cf1afa0949bd5c7bfcf154b4f5ce8ddef2
  FirebaseCore: 4d3c72622ce0e2106aaa07bb4b2935ba2c370972
  FirebaseCoreDiagnostics: ee1184d51da3293335b83355aad20f537acc24cf
  FirebaseDatabase: 22199cb121a527ae59df646d61426fbb12f5627a
  FirebaseStorage: 5002b1895bfe74a5ce92ad54f966e6162d0da2e5
  FlutterMacOS: 57701585bf7de1b3fc2bb61f6378d73bbdea8424
  GoogleDataTransport: 1024b1a4dfbd7a0e92cb20d7e0a6f1fb66b449a4
  GoogleUtilities: 31c5b01f978a70c6cff2afc6272b3f1921614b43
  GTMSessionFetcher: b3503b20a988c4e20cc189aa798fd18220133f52
  leveldb-library: 55d93ee664b4007aac644a782d11da33fba316f7
  nanopb: 59221d7f958fb711001e6a449489542d92ae113e
  PromisesObjC: 3113f7f76903778cf4a0586bd1ab89329a0b7b97
  shared_preferences_macos: 480ce071d0666e37cef23fe6c702293a3d21799e

PODFILE CHECKSUM: 0d3963a09fc94f580682bd88480486da345dc3f0

COCOAPODS: 1.10.1
